
Microsoft Visual Studio Solution File, Format Version 12.00
# Visual Studio 15
VisualStudioVersion = 15.0.26228.9
MinimumVisualStudioVersion = 10.0.40219.1
Project("{FAE04EC0-301F-11D3-BF4B-00C04F79EFBC}") = "MainWIndow", "MainWIndow\MainWIndow.csproj", "{E104F7E9-03BA-43D6-BA00-B90474BCFBDB}"
EndProject
Project("{FAE04EC0-301F-11D3-BF4B-00C04F79EFBC}") = "MyShapes", "MyShapes\MyShapes.csproj", "{6DF5A394-63D5-4583-B19E-0CD8DF029999}"
EndProject
Project("{FAE04EC0-301F-11D3-BF4B-00C04F79EFBC}") = "DAL", "Model\DAL.csproj", "{C6F96092-118B-4963-8E97-3BD3A25F8F40}"
EndProject
Global
	GlobalSection(SolutionConfigurationPlatforms) = preSolution
		Debug|Any CPU = Debug|Any CPU
		Release|Any CPU = Release|Any CPU
	EndGlobalSection
	GlobalSection(ProjectConfigurationPlatforms) = postSolution
		{E104F7E9-03BA-43D6-BA00-B90474BCFBDB}.Debug|Any CPU.ActiveCfg = Debug|Any CPU
		{E104F7E9-03BA-43D6-BA00-B90474BCFBDB}.Debug|Any CPU.Build.0 = Debug|Any CPU
		{E104F7E9-03BA-43D6-BA00-B90474BCFBDB}.Release|Any CPU.ActiveCfg = Release|Any CPU
		{E104F7E9-03BA-43D6-BA00-B90474BCFBDB}.Release|Any CPU.Build.0 = Release|Any CPU
		{6DF5A394-63D5-4583-B19E-0CD8DF029999}.Debug|Any CPU.ActiveCfg = Debug|Any CPU
		{6DF5A394-63D5-4583-B19E-0CD8DF029999}.Debug|Any CPU.Build.0 = Debug|Any CPU
		{6DF5A394-63D5-4583-B19E-0CD8DF029999}.Release|Any CPU.ActiveCfg = Release|Any CPU
		{6DF5A394-63D5-4583-B19E-0CD8DF029999}.Release|Any CPU.Build.0 = Release|Any CPU
		{C6F96092-118B-4963-8E97-3BD3A25F8F40}.Debug|Any CPU.ActiveCfg = Debug|Any CPU
		{C6F96092-118B-4963-8E97-3BD3A25F8F40}.Debug|Any CPU.Build.0 = Debug|Any CPU
		{C6F96092-118B-4963-8E97-3BD3A25F8F40}.Release|Any CPU.ActiveCfg = Release|Any CPU
		{C6F96092-118B-4963-8E97-3BD3A25F8F40}.Release|Any CPU.Build.0 = Release|Any CPU
	EndGlobalSection
	GlobalSection(SolutionProperties) = preSolution
		HideSolutionNode = FALSE
	EndGlobalSection
EndGlobal
